
Microsoft Visual Studio Solution File, Format Version 12.00
# Visual Studio Version 16
VisualStudioVersion = 16.0.31005.135
MinimumVisualStudioVersion = 10.0.40219.1
Project("{FAE04EC0-301F-11D3-BF4B-00C04F79EFBC}") = "Project B", "Project B\Project B.csproj", "{F584E81C-0657-4392-BDD7-4D2DE5BC2229}"
EndProject
Global
	GlobalSection(SolutionConfigurationPlatforms) = preSolution
		Debug|Any CPU = Debug|Any CPU
		Release|Any CPU = Release|Any CPU
	EndGlobalSection
	GlobalSection(ProjectConfigurationPlatforms) = postSolution
		{F584E81C-0657-4392-BDD7-4D2DE5BC2229}.Debug|Any CPU.ActiveCfg = Debug|Any CPU
		{F584E81C-0657-4392-BDD7-4D2DE5BC2229}.Debug|Any CPU.Build.0 = Debug|Any CPU
		{F584E81C-0657-4392-BDD7-4D2DE5BC2229}.Release|Any CPU.ActiveCfg = Release|Any CPU
		{F584E81C-0657-4392-BDD7-4D2DE5BC2229}.Release|Any CPU.Build.0 = Release|Any CPU
	EndGlobalSection
	GlobalSection(SolutionProperties) = preSolution
		HideSolutionNode = FALSE
	EndGlobalSection
	GlobalSection(ExtensibilityGlobals) = postSolution
		SolutionGuid = {5F609F81-DFBA-4DF2-8D5A-548ACB8F17CD}
	EndGlobalSection
EndGlobal
